PODS:
  - BetterCodable (0.4.0)
  - SwifterSwift (8.0.0):
    - SwifterSwift/AppKit (= 8.0.0)
    - SwifterSwift/AppKitNoIBInspectable (= 8.0.0)
    - SwifterSwift/CoreAnimation (= 8.0.0)
    - SwifterSwift/CoreGraphics (= 8.0.0)
    - SwifterSwift/CoreLocation (= 8.0.0)
    - SwifterSwift/CryptoKit (= 8.0.0)
    - SwifterSwift/Dispatch (= 8.0.0)
    - SwifterSwift/Foundation (= 8.0.0)
    - SwifterSwift/HealthKit (= 8.0.0)
    - SwifterSwift/MapKit (= 8.0.0)
    - SwifterSwift/NoIBInspectable (= 8.0.0)
    - SwifterSwift/SceneKit (= 8.0.0)
    - SwifterSwift/SpriteKit (= 8.0.0)
    - SwifterSwift/StoreKit (= 8.0.0)
    - SwifterSwift/SwiftStdlib (= 8.0.0)
    - SwifterSwift/UIKit (= 8.0.0)
    - SwifterSwift/UIKitNoIBInspectable (= 8.0.0)
    - SwifterSwift/WebKit (= 8.0.0)
  - SwifterSwift/AppKit (8.0.0)
  - SwifterSwift/AppKitNoIBInspectable (8.0.0):
    - SwifterSwift/AppKit
  - SwifterSwift/CoreAnimation (8.0.0)
  - SwifterSwift/CoreGraphics (8.0.0)
  - SwifterSwift/CoreLocation (8.0.0)
  - SwifterSwift/CryptoKit (8.0.0)
  - SwifterSwift/Dispatch (8.0.0)
  - SwifterSwift/Foundation (8.0.0)
  - SwifterSwift/HealthKit (8.0.0)
  - SwifterSwift/MapKit (8.0.0)
  - SwifterSwift/NoIBInspectable (8.0.0)
  - SwifterSwift/SceneKit (8.0.0)
  - SwifterSwift/SpriteKit (8.0.0)
  - SwifterSwift/StoreKit (8.0.0)
  - SwifterSwift/SwiftStdlib (8.0.0)
  - SwifterSwift/UIKit (8.0.0)
  - SwifterSwift/UIKitNoIBInspectable (8.0.0):
    - SwifterSwift/UIKit
  - SwifterSwift/WebKit (8.0.0)

DEPENDENCIES:
  - BetterCodable
  - SwifterSwift

SPEC REPOS:
  trunk:
    - BetterCodable
    - SwifterSwift

SPEC CHECKSUMS:
  BetterCodable: 3f2a765c9f4089b19debd2a7b904a69fca0a5fda
  SwifterSwift: 517fa61daf5b4c5e3ed13b9f35f4c26b310cfb97

PODFILE CHECKSUM: d73a36fbf290a87a30d5d21b3aeed931a265ead3

COCOAPODS: 1.16.2
